PODS:
  - Alamofire (4.5.1)
  - AlamofireImage (3.3.0):
    - Alamofire (~> 4.5)
  - BoxJeonExtension (0.6)

DEPENDENCIES:
  - Alamofire
  - AlamofireImage
  - BoxJeonExtension (from `https://github.com/utrpanic/boxjeon-extension.git`, tag `v0.6`)

EXTERNAL SOURCES:
  BoxJeonExtension:
    :git: https://github.com/utrpanic/boxjeon-extension.git
    :tag: v0.6

CHECKOUT OPTIONS:
  BoxJeonExtension:
    :git: https://github.com/utrpanic/boxjeon-extension.git
    :tag: v0.6

SPEC CHECKSUMS:
  Alamofire: 2d95912bf4c34f164fdfc335872e8c312acaea4a
  AlamofireImage: 2e784dc5d00f04903a52c1d169181469c805c3df
  BoxJeonExtension: a28584764f28268542d2a6bb732647cd9ac81c7d

PODFILE CHECKSUM: 56f76958646b4bcc304f9303fb43e7aa6096807b

COCOAPODS: 1.3.1
